
Microsoft Visual Studio Solution File, Format Version 12.00
# Visual Studio 15
VisualStudioVersion = 15.0.27130.2027
MinimumVisualStudioVersion = 10.0.40219.1
Project("{FAE04EC0-301F-11D3-BF4B-00C04F79EFBC}") = "SuggestionBox", "SuggestionBox\SuggestionBox.csproj", "{18FDA35B-D0C8-447A-99A7-7389240403C0}"
EndProject
Global
	GlobalSection(SolutionConfigurationPlatforms) = preSolution
		Debug|Any CPU = Debug|Any CPU
		Release|Any CPU = Release|Any CPU
	EndGlobalSection
	GlobalSection(ProjectConfigurationPlatforms) = postSolution
		{18FDA35B-D0C8-447A-99A7-7389240403C0}.Debug|Any CPU.ActiveCfg = Debug|Any CPU
		{18FDA35B-D0C8-447A-99A7-7389240403C0}.Debug|Any CPU.Build.0 = Debug|Any CPU
		{18FDA35B-D0C8-447A-99A7-7389240403C0}.Release|Any CPU.ActiveCfg = Release|Any CPU
		{18FDA35B-D0C8-447A-99A7-7389240403C0}.Release|Any CPU.Build.0 = Release|Any CPU
	EndGlobalSection
	GlobalSection(SolutionProperties) = preSolution
		HideSolutionNode = FALSE
	EndGlobalSection
	GlobalSection(ExtensibilityGlobals) = postSolution
		SolutionGuid = {4DE08465-840A-453D-89AE-0278AA5D8644}
	EndGlobalSection
EndGlobal
